
Microsoft Visual Studio Solution File, Format Version 12.00
# Visual Studio Version 17
VisualStudioVersion = 17.3.32901.215
MinimumVisualStudioVersion = 10.0.40219.1
Project("{FAE04EC0-301F-11D3-BF4B-00C04F79EFBC}") = "AssignmentProj", "AssignmentProj\AssignmentProj.csproj", "{BDFC60D2-5418-4385-A0DD-64628F2CFF7A}"
EndProject
Global
	GlobalSection(SolutionConfigurationPlatforms) = preSolution
		Debug|Any CPU = Debug|Any CPU
		Release|Any CPU = Release|Any CPU
	EndGlobalSection
	GlobalSection(ProjectConfigurationPlatforms) = postSolution
		{BDFC60D2-5418-4385-A0DD-64628F2CFF7A}.Debug|Any CPU.ActiveCfg = Debug|Any CPU
		{BDFC60D2-5418-4385-A0DD-64628F2CFF7A}.Debug|Any CPU.Build.0 = Debug|Any CPU
		{BDFC60D2-5418-4385-A0DD-64628F2CFF7A}.Release|Any CPU.ActiveCfg = Release|Any CPU
		{BDFC60D2-5418-4385-A0DD-64628F2CFF7A}.Release|Any CPU.Build.0 = Release|Any CPU
	EndGlobalSection
	GlobalSection(SolutionProperties) = preSolution
		HideSolutionNode = FALSE
	EndGlobalSection
	GlobalSection(ExtensibilityGlobals) = postSolution
		SolutionGuid = {31B0B49C-427C-4198-A111-ECBE92EBD6D7}
	EndGlobalSection
EndGlobal
